#
# This file is autogenerated by pip-compile with Python 3.9
# by the following command:
#
#    pip-compile --all-extras --output-file=requirements.lock pyproject.toml
#
certifi==2026.7.22
    # via requests
charset-normalizer==3.5.1
    # via requests
idna==3.19
    # via requests
requests==2.32.5
    # via jiraworklogs (pyproject.toml)
urllib3==2.6.3
    # via requests
